
Microsoft Visual Studio Solution File, Format Version 12.00
# Visual Studio Version 16
VisualStudioVersion = 16.0.30011.22
MinimumVisualStudioVersion = 10.0.40219.1
Project("{FAE04EC0-301F-11D3-BF4B-00C04F79EFBC}") = "SimpleReports", "SimpleReports\SimpleReports.csproj", "{3D6B80CD-876E-479C-A272-DFA0443B445D}"
EndProject
Project("{FAE04EC0-301F-11D3-BF4B-00C04F79EFBC}") = "WindowsFormsLibsTester", "WindowsFormsLibsTester\WindowsFormsLibsTester.csproj", "{7E0193A0-C7DA-4E1C-A6EB-14E6E55378ED}"
EndProject
Global
	GlobalSection(SolutionConfigurationPlatforms) = preSolution
		Debug|Any CPU = Debug|Any CPU
		Release|Any CPU = Release|Any CPU
	EndGlobalSection
	GlobalSection(ProjectConfigurationPlatforms) = postSolution
		{3D6B80CD-876E-479C-A272-DFA0443B445D}.Debug|Any CPU.ActiveCfg = Debug|Any CPU
		{3D6B80CD-876E-479C-A272-DFA0443B445D}.Debug|Any CPU.Build.0 = Debug|Any CPU
		{3D6B80CD-876E-479C-A272-DFA0443B445D}.Release|Any CPU.ActiveCfg = Release|Any CPU
		{3D6B80CD-876E-479C-A272-DFA0443B445D}.Release|Any CPU.Build.0 = Release|Any CPU
		{7E0193A0-C7DA-4E1C-A6EB-14E6E55378ED}.Debug|Any CPU.ActiveCfg = Debug|Any CPU
		{7E0193A0-C7DA-4E1C-A6EB-14E6E55378ED}.Debug|Any CPU.Build.0 = Debug|Any CPU
		{7E0193A0-C7DA-4E1C-A6EB-14E6E55378ED}.Release|Any CPU.ActiveCfg = Release|Any CPU
		{7E0193A0-C7DA-4E1C-A6EB-14E6E55378ED}.Release|Any CPU.Build.0 = Release|Any CPU
	EndGlobalSection
	GlobalSection(SolutionProperties) = preSolution
		HideSolutionNode = FALSE
	EndGlobalSection
	GlobalSection(ExtensibilityGlobals) = postSolution
		SolutionGuid = {7F27E040-46E4-4A98-A490-4420ABB92134}
	EndGlobalSection
EndGlobal
